{
    "version": 3,
    "terraform_version": "0.9.6",
    "serial": 67,
    "lineage": "33f3a99f-4a3d-44e0-9caf-bcaecb66f6af",
    "modules": [
        {
            "path": [
                "root"
            ],
            "outputs": {},
            "resources": {
                "aws_cloudfront_distribution.dev_events_cdn_distribution": {
                    "type": "aws_cloudfront_distribution",
                    "depends_on": [
                        "aws_cloudfront_origin_access_identity.origin_access_identity",
                        "aws_s3_bucket.dev_events_logs",
                        "aws_s3_bucket.dev_events_web"
                    ],
                    "primary": {
                        "id": "E7XVR6BA1XPJV",
                        "attributes": {
                            "active_trusted_signers.%": "2",
                            "active_trusted_signers.enabled": "false",
                            "active_trusted_signers.items.#": "0",
                            "aliases.#": "1",
                            "aliases.982131880": "dev.events",
                            "arn": "arn:aws:cloudfront::743279159470:distribution/E7XVR6BA1XPJV",
                            "cache_behavior.#": "0",
                            "caller_reference": "2017-06-08T16:45:46.821083232Z",
                            "custom_error_response.#": "0",
                            "default_cache_behavior.#": "1",
                            "default_cache_behavior.46991549.allowed_methods.#": "7",
                            "default_cache_behavior.46991549.allowed_methods.0": "HEAD",
                            "default_cache_behavior.46991549.allowed_methods.1": "DELETE",
                            "default_cache_behavior.46991549.allowed_methods.2": "POST",
                            "default_cache_behavior.46991549.allowed_methods.3": "GET",
                            "default_cache_behavior.46991549.allowed_methods.4": "OPTIONS",
                            "default_cache_behavior.46991549.allowed_methods.5": "PUT",
                            "default_cache_behavior.46991549.allowed_methods.6": "PATCH",
                            "default_cache_behavior.46991549.cached_methods.#": "2",
                            "default_cache_behavior.46991549.cached_methods.0": "HEAD",
                            "default_cache_behavior.46991549.cached_methods.1": "GET",
                            "default_cache_behavior.46991549.compress": "false",
                            "default_cache_behavior.46991549.default_ttl": "60",
                            "default_cache_behavior.46991549.forwarded_values.#": "1",
                            "default_cache_behavior.46991549.forwarded_values.2555876073.cookies.#": "1",
                            "default_cache_behavior.46991549.forwarded_values.2555876073.cookies.2625240281.forward": "none",
                            "default_cache_behavior.46991549.forwarded_values.2555876073.cookies.2625240281.whitelisted_names.#": "0",
                            "default_cache_behavior.46991549.forwarded_values.2555876073.headers.#": "0",
                            "default_cache_behavior.46991549.forwarded_values.2555876073.query_string": "true",
                            "default_cache_behavior.46991549.forwarded_values.2555876073.query_string_cache_keys.#": "0",
                            "default_cache_behavior.46991549.lambda_function_association.#": "0",
                            "default_cache_behavior.46991549.max_ttl": "60",
                            "default_cache_behavior.46991549.min_ttl": "0",
                            "default_cache_behavior.46991549.smooth_streaming": "false",
                            "default_cache_behavior.46991549.target_origin_id": "S3-dev-events-web",
                            "default_cache_behavior.46991549.trusted_signers.#": "0",
                            "default_cache_behavior.46991549.viewer_protocol_policy": "allow-all",
                            "default_root_object": "index.html",
                            "domain_name": "dce24v10s247a.cloudfront.net",
                            "enabled": "true",
                            "etag": "E38UERMZBMPAKF",
                            "hosted_zone_id": "Z2FDTNDATAQYW2",
                            "http_version": "http2",
                            "id": "E7XVR6BA1XPJV",
                            "in_progress_validation_batches": "0",
                            "is_ipv6_enabled": "true",
                            "last_modified_time": "2017-06-09 20:19:44.414 +0000 UTC",
                            "logging_config.#": "1",
                            "logging_config.2063301413.bucket": "dev-events-logs.s3.amazonaws.com",
                            "logging_config.2063301413.include_cookies": "false",
                            "logging_config.2063301413.prefix": "devevents-cloudfront",
                            "origin.#": "1",
                            "origin.1146710890.custom_header.#": "0",
                            "origin.1146710890.custom_origin_config.#": "0",
                            "origin.1146710890.domain_name": "dev-events-web.s3.amazonaws.com",
                            "origin.1146710890.origin_id": "S3-dev-events-web",
                            "origin.1146710890.origin_path": "",
                            "origin.1146710890.s3_origin_config.#": "1",
                            "origin.1146710890.s3_origin_config.3979047609.origin_access_identity": "origin-access-identity/cloudfront/E2DANRWMC9B6MI",
                            "price_class": "PriceClass_All",
                            "restrictions.#": "1",
                            "restrictions.1097372288.geo_restriction.#": "1",
                            "restrictions.1097372288.geo_restriction.2625240281.locations.#": "0",
                            "restrictions.1097372288.geo_restriction.2625240281.restriction_type": "none",
                            "retain_on_delete": "false",
                            "status": "InProgress",
                            "tags.%": "0",
                            "viewer_certificate.#": "1",
                            "viewer_certificate.2654384193.acm_certificate_arn": "",
                            "viewer_certificate.2654384193.cloudfront_default_certificate": "true",
                            "viewer_certificate.2654384193.iam_certificate_id": "",
                            "viewer_certificate.2654384193.minimum_protocol_version": "SSLv3",
                            "viewer_certificate.2654384193.ssl_support_method": "",
                            "web_acl_id": ""
                        },
                        "meta": {},
                        "tainted": false
                    },
                    "deposed": [],
                    "provider": ""
                },
                "aws_cloudfront_origin_access_identity.origin_access_identity": {
                    "type": "aws_cloudfront_origin_access_identity",
                    "depends_on": [],
                    "primary": {
                        "id": "E2DANRWMC9B6MI",
                        "attributes": {
                            "caller_reference": "2017-06-08T16:45:36.501657166Z",
                            "cloudfront_access_identity_path": "origin-access-identity/cloudfront/E2DANRWMC9B6MI",
                            "etag": "E3GY5ADS29H4RD",
                            "iam_arn": "arn:aws:iam::cloudfront:user/CloudFront Origin Access Identity E2DANRWMC9B6MI",
                            "id": "E2DANRWMC9B6MI",
                            "s3_canonical_user_id": "ba5c5a7cfa55b49547310d6237802e2a8d30c0f320ba4c7af4b849ad7169cfadf37140c7481ed33dbe12164991433349"
                        },
                        "meta": {},
                        "tainted": false
                    },
                    "deposed": [],
                    "provider": ""
                },
                "aws_codedeploy_app.dev_events_backend": {
                    "type": "aws_codedeploy_app",
                    "depends_on": [],
                    "primary": {
                        "id": "92be41d6-a8a8-4b95-b6cf-3241e889e7af:dev_events_backend",
                        "attributes": {
                            "id": "92be41d6-a8a8-4b95-b6cf-3241e889e7af:dev_events_backend",
                            "name": "dev_events_backend"
                        },
                        "meta": {},
                        "tainted": false
                    },
                    "deposed": [],
                    "provider": ""
                },
                "aws_codedeploy_deployment_config.dev_events_backend": {
                    "type": "aws_codedeploy_deployment_config",
                    "depends_on": [],
                    "primary": {
                        "id": "dev_events_backend_deployment",
                        "attributes": {
                            "deployment_config_id": "33fc2386-0b7d-4562-b419-e6cd918e3bcd",
                            "deployment_config_name": "dev_events_backend_deployment",
                            "id": "dev_events_backend_deployment",
                            "minimum_healthy_hosts.#": "1",
                            "minimum_healthy_hosts.0.type": "HOST_COUNT",
                            "minimum_healthy_hosts.0.value": "0"
                        },
                        "meta": {},
                        "tainted": false
                    },
                    "deposed": [],
                    "provider": ""
                },
                "aws_codedeploy_deployment_group.dev_events_backend": {
                    "type": "aws_codedeploy_deployment_group",
                    "depends_on": [
                        "aws_codedeploy_app.dev_events_backend",
                        "aws_codedeploy_deployment_config.dev_events_backend",
                        "aws_iam_role.code_deployer"
                    ],
                    "primary": {
                        "id": "d1626abe-c592-433c-a0de-ca8414a46eb2",
                        "attributes": {
                            "alarm_configuration.#": "0",
                            "app_name": "dev_events_backend",
                            "auto_rollback_configuration.#": "0",
                            "autoscaling_groups.#": "0",
                            "deployment_config_name": "dev_events_backend_deployment",
                            "deployment_group_name": "dev_events_deployment_group",
                            "ec2_tag_filter.#": "1",
                            "ec2_tag_filter.3672608181.key": "Name",
                            "ec2_tag_filter.3672608181.type": "KEY_AND_VALUE",
                            "ec2_tag_filter.3672608181.value": "dev_events_api",
                            "id": "d1626abe-c592-433c-a0de-ca8414a46eb2",
                            "on_premises_instance_tag_filter.#": "0",
                            "service_role_arn": "arn:aws:iam::743279159470:role/code_deployer",
                            "trigger_configuration.#": "0"
                        },
                        "meta": {},
                        "tainted": false
                    },
                    "deposed": [],
                    "provider": ""
                },
                "aws_db_instance.dev_events_db": {
                    "type": "aws_db_instance",
                    "depends_on": [
                        "aws_db_subnet_group.default",
                        "aws_security_group.dev_events_security"
                    ],
                    "primary": {
                        "id": "devevents-db",
                        "attributes": {
                            "address": "devevents-db.ca2rvko3aimd.us-east-1.rds.amazonaws.com",
                            "allocated_storage": "20",
                            "apply_immediately": "true",
                            "arn": "arn:aws:rds:us-east-1:743279159470:db:devevents-db",
                            "auto_minor_version_upgrade": "true",
                            "availability_zone": "us-east-1a",
                            "backup_retention_period": "15",
                            "backup_window": "01:46-03:16",
                            "copy_tags_to_snapshot": "false",
                            "db_subnet_group_name": "main",
                            "endpoint": "devevents-db.ca2rvko3aimd.us-east-1.rds.amazonaws.com:5432",
                            "engine": "postgres",
                            "engine_version": "9.6.2",
                            "hosted_zone_id": "Z2R2ITUGPM61AM",
                            "iam_database_authentication_enabled": "false",
                            "id": "devevents-db",
                            "identifier": "devevents-db",
                            "instance_class": "db.t2.micro",
                            "iops": "0",
                            "kms_key_id": "",
                            "license_model": "postgresql-license",
                            "maintenance_window": "fri:04:55-fri:05:25",
                            "monitoring_interval": "0",
                            "multi_az": "false",
                            "name": "devevents_db",
                            "option_group_name": "default:postgres-9-6",
                            "parameter_group_name": "default.postgres9.6",
                            "password": "lheA0Q0Zui09EM20de42",
                            "port": "5432",
                            "publicly_accessible": "false",
                            "replicas.#": "0",
                            "replicate_source_db": "",
                            "security_group_names.#": "0",
                            "skip_final_snapshot": "false",
                            "status": "available",
                            "storage_encrypted": "false",
                            "storage_type": "gp2",
                            "tags.%": "0",
                            "timezone": "",
                            "username": "master",
                            "vpc_security_group_ids.#": "1",
                            "vpc_security_group_ids.2760832580": "sg-bb0717c5"
                        },
                        "meta": {
                            "e2bfb730-ecaa-11e6-8f88-34363bc7c4c0": {
                                "create": 2400000000000,
                                "delete": 2400000000000,
                                "update": 4800000000000
                            }
                        },
                        "tainted": false
                    },
                    "deposed": [],
                    "provider": ""
                },
                "aws_db_subnet_group.default": {
                    "type": "aws_db_subnet_group",
                    "depends_on": [
                        "aws_subnet.dev_events_subnet_a",
                        "aws_subnet.dev_events_subnet_d"
                    ],
                    "primary": {
                        "id": "main",
                        "attributes": {
                            "arn": "arn:aws:rds:us-east-1:743279159470:subgrp:main",
                            "description": "Managed by Terraform",
                            "id": "main",
                            "name": "main",
                            "subnet_ids.#": "2",
                            "subnet_ids.1282012238": "subnet-2e0f9266",
                            "subnet_ids.2275825035": "subnet-fb3c9ad7",
                            "tags.%": "1",
                            "tags.Name": "DB subnet group"
                        },
                        "meta": {},
                        "tainted": false
                    },
                    "deposed": [],
                    "provider": ""
                },
                "aws_default_security_group.default": {
                    "type": "aws_default_security_group",
                    "depends_on": [
                        "aws_vpc.dev_events_vpc"
                    ],
                    "primary": {
                        "id": "sg-f30b1b8d",
                        "attributes": {
                            "egress.#": "0",
                            "id": "sg-f30b1b8d",
                            "ingress.#": "0",
                            "name": "default",
                            "owner_id": "743279159470",
                            "tags.%": "0",
                            "vpc_id": "vpc-e21ac39b"
                        },
                        "meta": {},
                        "tainted": false
                    },
                    "deposed": [],
                    "provider": ""
                },
                "aws_iam_access_key.travis_deployer_key": {
                    "type": "aws_iam_access_key",
                    "depends_on": [
                        "aws_iam_user.travis_deployer"
                    ],
                    "primary": {
                        "id": "AKIAJJ7RQZEDMHNWXLAA",
                        "attributes": {
                            "id": "AKIAJJ7RQZEDMHNWXLAA",
                            "secret": "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",
                            "ses_smtp_password": "Aq0BytsQXv9uY13SzE4+tLUYYm/l5vbNrq5BMN0jyepU",
                            "status": "Active",
                            "user": "travis_deployer"
                        },
                        "meta": {},
                        "tainted": false
                    },
                    "deposed": [],
                    "provider": ""
                },
                "aws_iam_instance_profile.code_deploy_instance": {
                    "type": "aws_iam_instance_profile",
                    "depends_on": [
                        "aws_iam_role.code_deploy_instance"
                    ],
                    "primary": {
                        "id": "code_deploy",
                        "attributes": {
                            "arn": "arn:aws:iam::743279159470:instance-profile/code_deploy",
                            "id": "code_deploy",
                            "name": "code_deploy",
                            "path": "/",
                            "role": "code_deploy_instance",
                            "roles.#": "1",
                            "roles.2666107223": "code_deploy_instance",
                            "unique_id": "AIPAJ66YGDAOPLSGJBDFC"
                        },
                        "meta": {},
                        "tainted": false
                    },
                    "deposed": [],
                    "provider": ""
                },
                "aws_iam_policy.code_deploy_instance": {
                    "type": "aws_iam_policy",
                    "depends_on": [],
                    "primary": {
                        "id": "arn:aws:iam::743279159470:policy/code_deploy_instance_policy",
                        "attributes": {
                            "arn": "arn:aws:iam::743279159470:policy/code_deploy_instance_policy",
                            "id": "arn:aws:iam::743279159470:policy/code_deploy_instance_policy",
                            "name": "code_deploy_instance_policy",
                            "path": "/",
                            "policy": "{\n  \"Version\": \"2012-10-17\",\n  \"Statement\": [\n    {\n      \"Action\": [\n        \"s3:Get*\",\n        \"s3:List*\",\n        \"logs:CreateLogGroup\",\n        \"logs:CreateLogStream\",\n        \"logs:GetLogEvents\",\n        \"logs:PutLogEvents\",\n        \"logs:DescribeLogGroups\",\n        \"logs:DescribeLogStreams\",\n        \"logs:PutRetentionPolicy\"\n      ],\n      \"Effect\": \"Allow\",\n      \"Resource\": \"*\"\n    }\n  ]\n}\n"
                        },
                        "meta": {},
                        "tainted": false
                    },
                    "deposed": [],
                    "provider": ""
                },
                "aws_iam_policy_attachment.code_deploy_instance": {
                    "type": "aws_iam_policy_attachment",
                    "depends_on": [
                        "aws_iam_policy.code_deploy_instance",
                        "aws_iam_role.code_deploy_instance"
                    ],
                    "primary": {
                        "id": "code_deploy",
                        "attributes": {
                            "groups.#": "0",
                            "id": "code_deploy",
                            "name": "code_deploy",
                            "policy_arn": "arn:aws:iam::743279159470:policy/code_deploy_instance_policy",
                            "roles.#": "1",
                            "roles.2666107223": "code_deploy_instance",
                            "users.#": "0"
                        },
                        "meta": {},
                        "tainted": false
                    },
                    "deposed": [],
                    "provider": ""
                },
                "aws_iam_policy_attachment.code_deployer": {
                    "type": "aws_iam_policy_attachment",
                    "depends_on": [
                        "aws_iam_role.code_deployer"
                    ],
                    "primary": {
                        "id": "code_deployer",
                        "attributes": {
                            "groups.#": "0",
                            "id": "code_deployer",
                            "name": "code_deployer",
                            "policy_arn": "arn:aws:iam::aws:policy/service-role/AWSCodeDeployRole",
                            "roles.#": "1",
                            "roles.3632842420": "code_deployer",
                            "users.#": "0"
                        },
                        "meta": {},
                        "tainted": false
                    },
                    "deposed": [],
                    "provider": ""
                },
                "aws_iam_role.code_deploy_instance": {
                    "type": "aws_iam_role",
                    "depends_on": [],
                    "primary": {
                        "id": "code_deploy_instance",
                        "attributes": {
                            "arn": "arn:aws:iam::743279159470:role/code_deploy_instance",
                            "assume_role_policy": "{\"Version\":\"2012-10-17\",\"Statement\":[{\"Sid\":\"\",\"Effect\":\"Allow\",\"Principal\":{\"Service\":\"ec2.amazonaws.com\"},\"Action\":\"sts:AssumeRole\"}]}",
                            "create_date": "2017-06-08T09:46:55Z",
                            "id": "code_deploy_instance",
                            "name": "code_deploy_instance",
                            "path": "/",
                            "unique_id": "AROAJUVNC2KAYAKFLI6HM"
                        },
                        "meta": {},
                        "tainted": false
                    },
                    "deposed": [],
                    "provider": ""
                },
                "aws_iam_role.code_deployer": {
                    "type": "aws_iam_role",
                    "depends_on": [],
                    "primary": {
                        "id": "code_deployer",
                        "attributes": {
                            "arn": "arn:aws:iam::743279159470:role/code_deployer",
                            "assume_role_policy": "{\"Version\":\"2012-10-17\",\"Statement\":[{\"Sid\":\"\",\"Effect\":\"Allow\",\"Principal\":{\"Service\":\"codedeploy.amazonaws.com\"},\"Action\":\"sts:AssumeRole\"}]}",
                            "create_date": "2017-06-08T09:46:55Z",
                            "id": "code_deployer",
                            "name": "code_deployer",
                            "path": "/",
                            "unique_id": "AROAJXPN7Z5TNEX5VIDR4"
                        },
                        "meta": {},
                        "tainted": false
                    },
                    "deposed": [],
                    "provider": ""
                },
                "aws_iam_role.crawler_lambda_executor": {
                    "type": "aws_iam_role",
                    "depends_on": [],
                    "primary": {
                        "id": "crawler_lambda_executor",
                        "attributes": {
                            "arn": "arn:aws:iam::743279159470:role/crawler_lambda_executor",
                            "assume_role_policy": "{\"Version\":\"2012-10-17\",\"Statement\":[{\"Effect\":\"Allow\",\"Principal\":{\"Service\":\"apigateway.amazonaws.com\"},\"Action\":\"sts:AssumeRole\"},{\"Effect\":\"Allow\",\"Principal\":{\"Service\":\"lambda.amazonaws.com\"},\"Action\":\"sts:AssumeRole\"}]}",
                            "create_date": "2017-06-07T14:47:25Z",
                            "id": "crawler_lambda_executor",
                            "name": "crawler_lambda_executor",
                            "path": "/",
                            "unique_id": "AROAI7E7BKOKST2MT6CY4"
                        },
                        "meta": {},
                        "tainted": false
                    },
                    "deposed": [],
                    "provider": ""
                },
                "aws_iam_user.travis_deployer": {
                    "type": "aws_iam_user",
                    "depends_on": [],
                    "primary": {
                        "id": "travis_deployer",
                        "attributes": {
                            "arn": "arn:aws:iam::743279159470:user/travis_deployer",
                            "force_destroy": "false",
                            "id": "travis_deployer",
                            "name": "travis_deployer",
                            "path": "/",
                            "unique_id": "AIDAIZCNK72AY4S6N2ZQM"
                        },
                        "meta": {},
                        "tainted": false
                    },
                    "deposed": [],
                    "provider": ""
                },
                "aws_iam_user_policy_attachment.travis_cloud_front_deployer_policy_attachment": {
                    "type": "aws_iam_user_policy_attachment",
                    "depends_on": [
                        "aws_iam_user.travis_deployer"
                    ],
                    "primary": {
                        "id": "travis_deployer-002c4b66a6adba9f1b1202bda9",
                        "attributes": {
                            "id": "travis_deployer-002c4b66a6adba9f1b1202bda9",
                            "policy_arn": "arn:aws:iam::aws:policy/CloudFrontFullAccess",
                            "user": "travis_deployer"
                        },
                        "meta": {},
                        "tainted": false
                    },
                    "deposed": [],
                    "provider": ""
                },
                "aws_iam_user_policy_attachment.travis_code_deploy_deployer_policy_attachment": {
                    "type": "aws_iam_user_policy_attachment",
                    "depends_on": [
                        "aws_iam_user.travis_deployer"
                    ],
                    "primary": {
                        "id": "travis_deployer-000bcf9f3ba9db1ef927af7ecf",
                        "attributes": {
                            "id": "travis_deployer-000bcf9f3ba9db1ef927af7ecf",
                            "policy_arn": "arn:aws:iam::aws:policy/AWSCodeDeployFullAccess",
                            "user": "travis_deployer"
                        },
                        "meta": {},
                        "tainted": false
                    },
                    "deposed": [],
                    "provider": ""
                },
                "aws_iam_user_policy_attachment.travis_lambda_deployer_policy_attachment": {
                    "type": "aws_iam_user_policy_attachment",
                    "depends_on": [
                        "aws_iam_user.travis_deployer"
                    ],
                    "primary": {
                        "id": "travis_deployer-0040a721989991be756c87e203",
                        "attributes": {
                            "id": "travis_deployer-0040a721989991be756c87e203",
                            "policy_arn": "arn:aws:iam::aws:policy/AWSLambdaFullAccess",
                            "user": "travis_deployer"
                        },
                        "meta": {},
                        "tainted": false
                    },
                    "deposed": [],
                    "provider": ""
                },
                "aws_iam_user_policy_attachment.travis_s3_deployer_policy_attachment": {
                    "type": "aws_iam_user_policy_attachment",
                    "depends_on": [
                        "aws_iam_user.travis_deployer"
                    ],
                    "primary": {
                        "id": "travis_deployer-002c4b66a6adba9f1b1202bdaa",
                        "attributes": {
                            "id": "travis_deployer-002c4b66a6adba9f1b1202bdaa",
                            "policy_arn": "arn:aws:iam::aws:policy/AmazonS3FullAccess",
                            "user": "travis_deployer"
                        },
                        "meta": {},
                        "tainted": false
                    },
                    "deposed": [],
                    "provider": ""
                },
                "aws_instance.dev_events_server": {
                    "type": "aws_instance",
                    "depends_on": [
                        "aws_iam_instance_profile.code_deploy_instance",
                        "aws_iam_policy_attachment.code_deploy_instance",
                        "aws_key_pair.dev_events_key",
                        "aws_security_group.dev_events_security",
                        "aws_subnet.dev_events_subnet_d",
                        "data.aws_ami.base_image"
                    ],
                    "primary": {
                        "id": "i-022f37a0a64650593",
                        "attributes": {
                            "ami": "ami-258e1f33",
                            "associate_public_ip_address": "true",
                            "availability_zone": "us-east-1d",
                            "disable_api_termination": "false",
                            "ebs_block_device.#": "0",
                            "ebs_optimized": "false",
                            "ephemeral_block_device.#": "0",
                            "iam_instance_profile": "code_deploy",
                            "id": "i-022f37a0a64650593",
                            "instance_state": "running",
                            "instance_type": "t2.micro",
                            "ipv6_addresses.#": "0",
                            "key_name": "dev_events_admin_key",
                            "monitoring": "false",
                            "network_interface.#": "0",
                            "network_interface_id": "eni-36d691fe",
                            "primary_network_interface_id": "eni-36d691fe",
                            "private_dns": "ip-10-0-16-201.ec2.internal",
                            "private_ip": "10.0.16.201",
                            "public_dns": "ec2-34-207-86-207.compute-1.amazonaws.com",
                            "public_ip": "34.207.86.207",
                            "root_block_device.#": "1",
                            "root_block_device.0.delete_on_termination": "true",
                            "root_block_device.0.iops": "0",
                            "root_block_device.0.volume_size": "20",
                            "root_block_device.0.volume_type": "standard",
                            "security_groups.#": "0",
                            "source_dest_check": "true",
                            "subnet_id": "subnet-fb3c9ad7",
                            "tags.%": "1",
                            "tags.Name": "dev_events_api",
                            "tenancy": "default",
                            "volume_tags.%": "0",
                            "vpc_security_group_ids.#": "1",
                            "vpc_security_group_ids.2760832580": "sg-bb0717c5"
                        },
                        "meta": {
                            "e2bfb730-ecaa-11e6-8f88-34363bc7c4c0": {
                                "create": 600000000000,
                                "delete": 600000000000,
                                "update": 600000000000
                            },
                            "schema_version": "1"
                        },
                        "tainted": false
                    },
                    "deposed": [],
                    "provider": ""
                },
                "aws_internet_gateway.dev_events_igw": {
                    "type": "aws_internet_gateway",
                    "depends_on": [
                        "aws_vpc.dev_events_vpc"
                    ],
                    "primary": {
                        "id": "igw-a0b03ac6",
                        "attributes": {
                            "id": "igw-a0b03ac6",
                            "tags.%": "0",
                            "vpc_id": "vpc-e21ac39b"
                        },
                        "meta": {},
                        "tainted": false
                    },
                    "deposed": [],
                    "provider": ""
                },
                "aws_key_pair.dev_events_key": {
                    "type": "aws_key_pair",
                    "depends_on": [],
                    "primary": {
                        "id": "dev_events_admin_key",
                        "attributes": {
                            "fingerprint": "71:59:8c:d1:dc:58:1c:08:eb:0d:6b:ab:a5:ef:aa:09",
                            "id": "dev_events_admin_key",
                            "key_name": "dev_events_admin_key",
                            "public_key": "ssh-rsa AAAAB3NzaC1yc2EAAAADAQABAAABAQDqln5qiHnd8NLz60GOGW/Rqv25rK78yiG5kyv2LeBBe0JVVoJ/BOA7T/BuW/GhuT12SE2o4ZiRlgchdzMld4AaAAwTCUC/A5RdcogjktrMAda9UQnDLwfmohJmAskC6ibq05oqDb3RWfIik2psjJJkZasJVI0OuwDf1DpXjDVjId9y2xkM9sVGjzz8ApM/J6YWVEZY0n2V5qT8Xi5orDQgwtrxrEDcpN5AldC5KnovohUqbCyZSKwenWJ4Rq5uM2rccQR4wMWT0aHh8Sf8k1OTdQqEqc86MBNZKhP4ICOfnBb3/U6DIfC6aK6qDjMqXqU3ojyCmQWu0x3N1sF9tay5 admins@dev.events"
                        },
                        "meta": {
                            "schema_version": "1"
                        },
                        "tainted": false
                    },
                    "deposed": [],
                    "provider": ""
                },
                "aws_lambda_alias.lanyrd_crawler_function": {
                    "type": "aws_lambda_alias",
                    "depends_on": [
                        "aws_lambda_function.lanyrd_crawler_function"
                    ],
                    "primary": {
                        "id": "arn:aws:lambda:us-east-1:743279159470:function:lanyrd_crawler_function:lanyrd_crawler_function_latest",
                        "attributes": {
                            "arn": "arn:aws:lambda:us-east-1:743279159470:function:lanyrd_crawler_function:lanyrd_crawler_function_latest",
                            "description": "",
                            "function_name": "arn:aws:lambda:us-east-1:743279159470:function:lanyrd_crawler_function",
                            "function_version": "$LATEST",
                            "id": "arn:aws:lambda:us-east-1:743279159470:function:lanyrd_crawler_function:lanyrd_crawler_function_latest",
                            "name": "lanyrd_crawler_function_latest"
                        },
                        "meta": {},
                        "tainted": false
                    },
                    "deposed": [],
                    "provider": ""
                },
                "aws_lambda_function.lanyrd_crawler_function": {
                    "type": "aws_lambda_function",
                    "depends_on": [
                        "aws_iam_role.crawler_lambda_executor",
                        "aws_s3_bucket.dev_events_code"
                    ],
                    "primary": {
                        "id": "lanyrd_crawler_function",
                        "attributes": {
                            "arn": "arn:aws:lambda:us-east-1:743279159470:function:lanyrd_crawler_function",
                            "dead_letter_config.#": "0",
                            "description": "Crawl single event from Lanyrd to dev.events database",
                            "environment.#": "0",
                            "function_name": "lanyrd_crawler_function",
                            "handler": "crawler",
                            "id": "lanyrd_crawler_function",
                            "invoke_arn": "arn:aws:apigateway:us-east-1:lambda:path/2015-03-31/functions/arn:aws:lambda:us-east-1:743279159470:function:lanyrd_crawler_function/invocations",
                            "kms_key_arn": "",
                            "last_modified": "2017-06-07T14:55:20.757+0000",
                            "memory_size": "128",
                            "publish": "false",
                            "qualified_arn": "arn:aws:lambda:us-east-1:743279159470:function:lanyrd_crawler_function:$LATEST",
                            "role": "arn:aws:iam::743279159470:role/crawler_lambda_executor",
                            "runtime": "nodejs6.10",
                            "s3_bucket": "dev-events-code",
                            "s3_key": "crawler.zip",
                            "source_code_hash": "WaFHg4uarEI1H8JKjr6Eyb9kgnQczzME+ZFbOHNgcJg=",
                            "tags.%": "0",
                            "timeout": "300",
                            "tracing_config.#": "1",
                            "tracing_config.0.mode": "PassThrough",
                            "version": "$LATEST",
                            "vpc_config.#": "0"
                        },
                        "meta": {},
                        "tainted": false
                    },
                    "deposed": [],
                    "provider": ""
                },
                "aws_main_route_table_association.dev_events_routing_a": {
                    "type": "aws_main_route_table_association",
                    "depends_on": [
                        "aws_route_table.dev_events_routing",
                        "aws_vpc.dev_events_vpc"
                    ],
                    "primary": {
                        "id": "rtbassoc-f0641f8b",
                        "attributes": {
                            "id": "rtbassoc-f0641f8b",
                            "original_route_table_id": "rtb-ea9a0392",
                            "route_table_id": "rtb-eb9a0393",
                            "vpc_id": "vpc-e21ac39b"
                        },
                        "meta": {},
                        "tainted": false
                    },
                    "deposed": [],
                    "provider": ""
                },
                "aws_route_table.dev_events_routing": {
                    "type": "aws_route_table",
                    "depends_on": [
                        "aws_internet_gateway.dev_events_igw",
                        "aws_vpc.dev_events_vpc"
                    ],
                    "primary": {
                        "id": "rtb-eb9a0393",
                        "attributes": {
                            "id": "rtb-eb9a0393",
                            "propagating_vgws.#": "0",
                            "route.#": "1",
                            "route.1035109853.cidr_block": "0.0.0.0/0",
                            "route.1035109853.egress_only_gateway_id": "",
                            "route.1035109853.gateway_id": "igw-a0b03ac6",
                            "route.1035109853.instance_id": "",
                            "route.1035109853.ipv6_cidr_block": "",
                            "route.1035109853.nat_gateway_id": "",
                            "route.1035109853.network_interface_id": "",
                            "route.1035109853.vpc_peering_connection_id": "",
                            "tags.%": "0",
                            "vpc_id": "vpc-e21ac39b"
                        },
                        "meta": {},
                        "tainted": false
                    },
                    "deposed": [],
                    "provider": ""
                },
                "aws_s3_bucket.dev_events_billing": {
                    "type": "aws_s3_bucket",
                    "depends_on": [],
                    "primary": {
                        "id": "dev-events-billing",
                        "attributes": {
                            "acceleration_status": "",
                            "acl": "private",
                            "arn": "arn:aws:s3:::dev-events-billing",
                            "bucket": "dev-events-billing",
                            "bucket_domain_name": "dev-events-billing.s3.amazonaws.com",
                            "force_destroy": "false",
                            "hosted_zone_id": "Z3AQBSTGFYJSTF",
                            "id": "dev-events-billing",
                            "logging.#": "0",
                            "region": "us-east-1",
                            "request_payer": "BucketOwner",
                            "tags.%": "0",
                            "versioning.#": "1",
                            "versioning.0.enabled": "false",
                            "versioning.0.mfa_delete": "false",
                            "website.#": "0"
                        },
                        "meta": {},
                        "tainted": false
                    },
                    "deposed": [],
                    "provider": ""
                },
                "aws_s3_bucket.dev_events_code": {
                    "type": "aws_s3_bucket",
                    "depends_on": [],
                    "primary": {
                        "id": "dev-events-code",
                        "attributes": {
                            "acceleration_status": "",
                            "acl": "private",
                            "arn": "arn:aws:s3:::dev-events-code",
                            "bucket": "dev-events-code",
                            "bucket_domain_name": "dev-events-code.s3.amazonaws.com",
                            "force_destroy": "false",
                            "hosted_zone_id": "Z3AQBSTGFYJSTF",
                            "id": "dev-events-code",
                            "logging.#": "0",
                            "region": "us-east-1",
                            "request_payer": "BucketOwner",
                            "tags.%": "0",
                            "versioning.#": "1",
                            "versioning.0.enabled": "false",
                            "versioning.0.mfa_delete": "false",
                            "website.#": "0"
                        },
                        "meta": {},
                        "tainted": false
                    },
                    "deposed": [],
                    "provider": ""
                },
                "aws_s3_bucket.dev_events_logs": {
                    "type": "aws_s3_bucket",
                    "depends_on": [],
                    "primary": {
                        "id": "dev-events-logs",
                        "attributes": {
                            "acceleration_status": "",
                            "acl": "private",
                            "arn": "arn:aws:s3:::dev-events-logs",
                            "bucket": "dev-events-logs",
                            "bucket_domain_name": "dev-events-logs.s3.amazonaws.com",
                            "force_destroy": "false",
                            "hosted_zone_id": "Z3AQBSTGFYJSTF",
                            "id": "dev-events-logs",
                            "logging.#": "0",
                            "region": "us-east-1",
                            "request_payer": "BucketOwner",
                            "tags.%": "0",
                            "versioning.#": "1",
                            "versioning.0.enabled": "false",
                            "versioning.0.mfa_delete": "false",
                            "website.#": "0"
                        },
                        "meta": {},
                        "tainted": false
                    },
                    "deposed": [],
                    "provider": ""
                },
                "aws_s3_bucket.dev_events_web": {
                    "type": "aws_s3_bucket",
                    "depends_on": [],
                    "primary": {
                        "id": "dev-events-web",
                        "attributes": {
                            "acceleration_status": "",
                            "acl": "public-read",
                            "arn": "arn:aws:s3:::dev-events-web",
                            "bucket": "dev-events-web",
                            "bucket_domain_name": "dev-events-web.s3.amazonaws.com",
                            "force_destroy": "false",
                            "hosted_zone_id": "Z3AQBSTGFYJSTF",
                            "id": "dev-events-web",
                            "logging.#": "0",
                            "policy": "{\"Statement\":[{\"Action\":\"s3:GetObject\",\"Effect\":\"Allow\",\"Principal\":\"*\",\"Resource\":\"arn:aws:s3:::dev-events-web/*\",\"Sid\":\"PublicReadForGetBucketObjects\"}],\"Version\":\"2012-10-17\"}",
                            "region": "us-east-1",
                            "request_payer": "BucketOwner",
                            "tags.%": "0",
                            "versioning.#": "1",
                            "versioning.0.enabled": "false",
                            "versioning.0.mfa_delete": "false",
                            "website.#": "0"
                        },
                        "meta": {},
                        "tainted": false
                    },
                    "deposed": [],
                    "provider": ""
                },
                "aws_s3_bucket_policy.dev_events_billing_policy": {
                    "type": "aws_s3_bucket_policy",
                    "depends_on": [
                        "aws_s3_bucket.dev_events_billing"
                    ],
                    "primary": {
                        "id": "dev-events-billing",
                        "attributes": {
                            "bucket": "dev-events-billing",
                            "id": "dev-events-billing",
                            "policy": "{\"Version\":\"2008-10-17\",\"Id\":\"Policy1335892530063\",\"Statement\":[{\"Sid\":\"Stmt1335892150622\",\"Effect\":\"Allow\",\"Principal\":{\"AWS\":\"arn:aws:iam::386209384616:root\"},\"Action\":[\"s3:GetBucketAcl\",\"s3:GetBucketPolicy\"],\"Resource\":\"arn:aws:s3:::dev-events-billing\"},{\"Sid\":\"Stmt1335892526596\",\"Effect\":\"Allow\",\"Principal\":{\"AWS\":\"arn:aws:iam::386209384616:root\"},\"Action\":\"s3:PutObject\",\"Resource\":\"arn:aws:s3:::dev-events-billing/*\"}]}"
                        },
                        "meta": {},
                        "tainted": false
                    },
                    "deposed": [],
                    "provider": ""
                },
                "aws_s3_bucket_policy.dev_events_logs_policy": {
                    "type": "aws_s3_bucket_policy",
                    "depends_on": [
                        "aws_s3_bucket.dev_events_logs"
                    ],
                    "primary": {
                        "id": "dev-events-logs",
                        "attributes": {
                            "bucket": "dev-events-logs",
                            "id": "dev-events-logs",
                            "policy": "{\"Version\":\"2008-10-17\",\"Id\":\"Policy1335892530063\",\"Statement\":[{\"Sid\":\"Stmt1335892150622\",\"Effect\":\"Allow\",\"Principal\":{\"AWS\":\"arn:aws:iam::386209384616:root\"},\"Action\":[\"s3:GetBucketAcl\",\"s3:GetBucketPolicy\",\"s3:PutBucketAcl\"],\"Resource\":\"arn:aws:s3:::dev-events-logs\"},{\"Sid\":\"Stmt1335892526596\",\"Effect\":\"Allow\",\"Principal\":{\"AWS\":\"arn:aws:iam::386209384616:root\"},\"Action\":\"s3:PutObject\",\"Resource\":\"arn:aws:s3:::dev-events-logs/*\"}]}"
                        },
                        "meta": {},
                        "tainted": false
                    },
                    "deposed": [],
                    "provider": ""
                },
                "aws_security_group.dev_events_security": {
                    "type": "aws_security_group",
                    "depends_on": [
                        "aws_vpc.dev_events_vpc"
                    ],
                    "primary": {
                        "id": "sg-bb0717c5",
                        "attributes": {
                            "description": "dev.events port openings",
                            "egress.#": "1",
                            "egress.482069346.cidr_blocks.#": "1",
                            "egress.482069346.cidr_blocks.0": "0.0.0.0/0",
                            "egress.482069346.from_port": "0",
                            "egress.482069346.ipv6_cidr_blocks.#": "0",
                            "egress.482069346.prefix_list_ids.#": "0",
                            "egress.482069346.protocol": "-1",
                            "egress.482069346.security_groups.#": "0",
                            "egress.482069346.self": "false",
                            "egress.482069346.to_port": "0",
                            "id": "sg-bb0717c5",
                            "ingress.#": "4",
                            "ingress.2214680975.cidr_blocks.#": "1",
                            "ingress.2214680975.cidr_blocks.0": "0.0.0.0/0",
                            "ingress.2214680975.from_port": "80",
                            "ingress.2214680975.ipv6_cidr_blocks.#": "0",
                            "ingress.2214680975.protocol": "tcp",
                            "ingress.2214680975.security_groups.#": "0",
                            "ingress.2214680975.self": "false",
                            "ingress.2214680975.to_port": "80",
                            "ingress.2541437006.cidr_blocks.#": "1",
                            "ingress.2541437006.cidr_blocks.0": "0.0.0.0/0",
                            "ingress.2541437006.from_port": "22",
                            "ingress.2541437006.ipv6_cidr_blocks.#": "0",
                            "ingress.2541437006.protocol": "tcp",
                            "ingress.2541437006.security_groups.#": "0",
                            "ingress.2541437006.self": "false",
                            "ingress.2541437006.to_port": "22",
                            "ingress.2617001939.cidr_blocks.#": "1",
                            "ingress.2617001939.cidr_blocks.0": "0.0.0.0/0",
                            "ingress.2617001939.from_port": "443",
                            "ingress.2617001939.ipv6_cidr_blocks.#": "0",
                            "ingress.2617001939.protocol": "tcp",
                            "ingress.2617001939.security_groups.#": "0",
                            "ingress.2617001939.self": "false",
                            "ingress.2617001939.to_port": "443",
                            "ingress.3847841800.cidr_blocks.#": "1",
                            "ingress.3847841800.cidr_blocks.0": "10.0.0.0/16",
                            "ingress.3847841800.from_port": "5432",
                            "ingress.3847841800.ipv6_cidr_blocks.#": "0",
                            "ingress.3847841800.protocol": "tcp",
                            "ingress.3847841800.security_groups.#": "0",
                            "ingress.3847841800.self": "false",
                            "ingress.3847841800.to_port": "5432",
                            "name": "dev_events_security",
                            "owner_id": "743279159470",
                            "tags.%": "0",
                            "vpc_id": "vpc-e21ac39b"
                        },
                        "meta": {},
                        "tainted": false
                    },
                    "deposed": [],
                    "provider": ""
                },
                "aws_subnet.dev_events_subnet_a": {
                    "type": "aws_subnet",
                    "depends_on": [
                        "aws_vpc.dev_events_vpc"
                    ],
                    "primary": {
                        "id": "subnet-2e0f9266",
                        "attributes": {
                            "assign_ipv6_address_on_creation": "false",
                            "availability_zone": "us-east-1a",
                            "cidr_block": "10.0.0.0/20",
                            "id": "subnet-2e0f9266",
                            "map_public_ip_on_launch": "true",
                            "tags.%": "1",
                            "tags.Name": "dev_events_subnet_a",
                            "vpc_id": "vpc-e21ac39b"
                        },
                        "meta": {
                            "schema_version": "1"
                        },
                        "tainted": false
                    },
                    "deposed": [],
                    "provider": ""
                },
                "aws_subnet.dev_events_subnet_d": {
                    "type": "aws_subnet",
                    "depends_on": [
                        "aws_vpc.dev_events_vpc"
                    ],
                    "primary": {
                        "id": "subnet-fb3c9ad7",
                        "attributes": {
                            "assign_ipv6_address_on_creation": "false",
                            "availability_zone": "us-east-1d",
                            "cidr_block": "10.0.16.0/20",
                            "id": "subnet-fb3c9ad7",
                            "map_public_ip_on_launch": "true",
                            "tags.%": "1",
                            "tags.Name": "dev_events_subnet_d",
                            "vpc_id": "vpc-e21ac39b"
                        },
                        "meta": {
                            "schema_version": "1"
                        },
                        "tainted": false
                    },
                    "deposed": [],
                    "provider": ""
                },
                "aws_vpc.dev_events_vpc": {
                    "type": "aws_vpc",
                    "depends_on": [],
                    "primary": {
                        "id": "vpc-e21ac39b",
                        "attributes": {
                            "assign_generated_ipv6_cidr_block": "false",
                            "cidr_block": "10.0.0.0/16",
                            "default_network_acl_id": "acl-a5c9b2dc",
                            "default_route_table_id": "rtb-eb9a0393",
                            "default_security_group_id": "sg-f30b1b8d",
                            "dhcp_options_id": "dopt-e060d486",
                            "enable_classiclink": "false",
                            "enable_dns_hostnames": "true",
                            "enable_dns_support": "true",
                            "id": "vpc-e21ac39b",
                            "instance_tenancy": "default",
                            "main_route_table_id": "rtb-eb9a0393",
                            "tags.%": "1",
                            "tags.Name": "dev_events_vpc"
                        },
                        "meta": {
                            "schema_version": "1"
                        },
                        "tainted": false
                    },
                    "deposed": [],
                    "provider": ""
                },
                "data.aws_ami.base_image": {
                    "type": "aws_ami",
                    "depends_on": [],
                    "primary": {
                        "id": "ami-258e1f33",
                        "attributes": {
                            "architecture": "x86_64",
                            "block_device_mappings.#": "1",
                            "block_device_mappings.3607311014.device_name": "/dev/xvda",
                            "block_device_mappings.3607311014.ebs.%": "6",
                            "block_device_mappings.3607311014.ebs.delete_on_termination": "true",
                            "block_device_mappings.3607311014.ebs.encrypted": "false",
                            "block_device_mappings.3607311014.ebs.iops": "0",
                            "block_device_mappings.3607311014.ebs.snapshot_id": "snap-0f030fdefd76a30ff",
                            "block_device_mappings.3607311014.ebs.volume_size": "8",
                            "block_device_mappings.3607311014.ebs.volume_type": "standard",
                            "block_device_mappings.3607311014.no_device": "",
                            "block_device_mappings.3607311014.virtual_name": "",
                            "creation_date": "2017-04-17T08:18:49.000Z",
                            "description": "Amazon Linux AMI 2017.03.0.20170417 x86_64 VPC NAT HVM EBS",
                            "filter.#": "2",
                            "filter.3298344342.name": "name",
                            "filter.3298344342.values.#": "1",
                            "filter.3298344342.values.0": "amzn-ami-vpc-nat*",
                            "filter.574890044.name": "owner-alias",
                            "filter.574890044.values.#": "1",
                            "filter.574890044.values.0": "amazon",
                            "hypervisor": "xen",
                            "id": "ami-258e1f33",
                            "image_id": "ami-258e1f33",
                            "image_location": "amazon/amzn-ami-vpc-nat-hvm-2017.03.0.20170417-x86_64-ebs",
                            "image_owner_alias": "amazon",
                            "image_type": "machine",
                            "most_recent": "true",
                            "name": "amzn-ami-vpc-nat-hvm-2017.03.0.20170417-x86_64-ebs",
                            "owner_id": "137112412989",
                            "product_codes.#": "0",
                            "public": "true",
                            "root_device_name": "/dev/xvda",
                            "root_device_type": "ebs",
                            "sriov_net_support": "simple",
                            "state": "available",
                            "state_reason.%": "2",
                            "state_reason.code": "UNSET",
                            "state_reason.message": "UNSET",
                            "tags.#": "0",
                            "virtualization_type": "hvm"
                        },
                        "meta": {},
                        "tainted": false
                    },
                    "deposed": [],
                    "provider": ""
                },
                "data.aws_availability_zones.available": {
                    "type": "aws_availability_zones",
                    "depends_on": [],
                    "primary": {
                        "id": "2017-06-09 20:18:54.637597287 +0000 UTC",
                        "attributes": {
                            "id": "2017-06-09 20:18:54.637597287 +0000 UTC",
                            "names.#": "5",
                            "names.0": "us-east-1a",
                            "names.1": "us-east-1b",
                            "names.2": "us-east-1c",
                            "names.3": "us-east-1d",
                            "names.4": "us-east-1e"
                        },
                        "meta": {},
                        "tainted": false
                    },
                    "deposed": [],
                    "provider": ""
                },
                "dnsimple_record.api_server": {
                    "type": "dnsimple_record",
                    "depends_on": [
                        "aws_instance.dev_events_server"
                    ],
                    "primary": {
                        "id": "11739739",
                        "attributes": {
                            "domain": "dev.events",
                            "domain_id": "dev.events",
                            "hostname": "api.dev.events",
                            "id": "11739739",
                            "name": "api",
                            "priority": "0",
                            "ttl": "60",
                            "type": "A",
                            "value": "34.207.86.207"
                        },
                        "meta": {},
                        "tainted": false
                    },
                    "deposed": [],
                    "provider": ""
                },
                "dnsimple_record.mail1": {
                    "type": "dnsimple_record",
                    "depends_on": [],
                    "primary": {
                        "id": "11739732",
                        "attributes": {
                            "domain": "dev.events",
                            "domain_id": "dev.events",
                            "hostname": "dev.events",
                            "id": "11739732",
                            "name": "",
                            "priority": "10",
                            "ttl": "60",
                            "type": "MX",
                            "value": "mx.zoho.eu"
                        },
                        "meta": {},
                        "tainted": false
                    },
                    "deposed": [],
                    "provider": ""
                },
                "dnsimple_record.mail2": {
                    "type": "dnsimple_record",
                    "depends_on": [],
                    "primary": {
                        "id": "11739734",
                        "attributes": {
                            "domain": "dev.events",
                            "domain_id": "dev.events",
                            "hostname": "dev.events",
                            "id": "11739734",
                            "name": "",
                            "priority": "20",
                            "ttl": "60",
                            "type": "MX",
                            "value": "mx2.zoho.eu"
                        },
                        "meta": {},
                        "tainted": false
                    },
                    "deposed": [],
                    "provider": ""
                },
                "dnsimple_record.mail3": {
                    "type": "dnsimple_record",
                    "depends_on": [],
                    "primary": {
                        "id": "11739730",
                        "attributes": {
                            "domain": "dev.events",
                            "domain_id": "dev.events",
                            "hostname": "dev.events",
                            "id": "11739730",
                            "name": "",
                            "priority": "50",
                            "ttl": "60",
                            "type": "MX",
                            "value": "mx3.zoho.eu"
                        },
                        "meta": {},
                        "tainted": false
                    },
                    "deposed": [],
                    "provider": ""
                },
                "dnsimple_record.web_cdn": {
                    "type": "dnsimple_record",
                    "depends_on": [
                        "aws_cloudfront_distribution.dev_events_cdn_distribution"
                    ],
                    "primary": {
                        "id": "11745748",
                        "attributes": {
                            "domain": "dev.events",
                            "domain_id": "dev.events",
                            "hostname": "dev.events",
                            "id": "11745748",
                            "name": "",
                            "priority": "0",
                            "ttl": "60",
                            "type": "ALIAS",
                            "value": "dce24v10s247a.cloudfront.net"
                        },
                        "meta": {},
                        "tainted": false
                    },
                    "deposed": [],
                    "provider": ""
                },
                "dnsimple_record.zoho_dkim": {
                    "type": "dnsimple_record",
                    "depends_on": [],
                    "primary": {
                        "id": "11739735",
                        "attributes": {
                            "domain": "dev.events",
                            "domain_id": "dev.events",
                            "hostname": "zoho._domainkey.dev.events",
                            "id": "11739735",
                            "name": "zoho._domainkey",
                            "priority": "0",
                            "ttl": "60",
                            "type": "TXT",
                            "value": "v=DKIM1; k=rsa; p=MIGfMA0GCSqGSIb3DQEBAQUAA4GNADCBiQKBgQCXvbFJN4nXPZB95Aqr31eJ9hiMNV+d/Qw98b4m7AJo9aipCnLxh4M5Z6orgApDGqNBiUWTphhVHB8xRYFQp5qEtpTfXSqJI6McJ3vCPnC2IcswAu5kwnjuOyOFNM/3g1SIPEH+tLIR70Lt5BF6GlcvYOIa5+QD0rc4QkQ7FGhP0QIDAQAB"
                        },
                        "meta": {},
                        "tainted": false
                    },
                    "deposed": [],
                    "provider": ""
                },
                "dnsimple_record.zoho_spf": {
                    "type": "dnsimple_record",
                    "depends_on": [],
                    "primary": {
                        "id": "11739731",
                        "attributes": {
                            "domain": "dev.events",
                            "domain_id": "dev.events",
                            "hostname": "dev.events",
                            "id": "11739731",
                            "name": "",
                            "priority": "0",
                            "ttl": "60",
                            "type": "TXT",
                            "value": "v=spf1 include:zoho.com ~all"
                        },
                        "meta": {},
                        "tainted": false
                    },
                    "deposed": [],
                    "provider": ""
                },
                "dnsimple_record.zoho_verify": {
                    "type": "dnsimple_record",
                    "depends_on": [],
                    "primary": {
                        "id": "11739733",
                        "attributes": {
                            "domain": "dev.events",
                            "domain_id": "dev.events",
                            "hostname": "zb14966893.dev.events",
                            "id": "11739733",
                            "name": "zb14966893",
                            "priority": "0",
                            "ttl": "60",
                            "type": "CNAME",
                            "value": "zmverify.zoho.eu"
                        },
                        "meta": {},
                        "tainted": false
                    },
                    "deposed": [],
                    "provider": ""
                }
            },
            "depends_on": []
        }
    ]
}
