{
    "version": 3,
    "terraform_version": "0.9.6",
    "serial": 10,
    "lineage": "33f3a99f-4a3d-44e0-9caf-bcaecb66f6af",
    "modules": [
        {
            "path": [
                "root"
            ],
            "outputs": {},
            "resources": {
                "aws_default_security_group.default": {
                    "type": "aws_default_security_group",
                    "depends_on": [
                        "aws_vpc.dev_events_vpc"
                    ],
                    "primary": {
                        "id": "sg-8e5040f0",
                        "attributes": {
                            "egress.#": "0",
                            "id": "sg-8e5040f0",
                            "ingress.#": "0",
                            "name": "default",
                            "owner_id": "743279159470",
                            "tags.%": "0",
                            "vpc_id": "vpc-cefb22b7"
                        },
                        "meta": {},
                        "tainted": false
                    },
                    "deposed": [],
                    "provider": ""
                },
                "aws_instance.dev_events_server": {
                    "type": "aws_instance",
                    "depends_on": [
                        "aws_key_pair.dev_events_key",
                        "aws_security_group.dev_events_security",
                        "aws_subnet.dev_events_subnet",
                        "data.aws_ami.base_image"
                    ],
                    "primary": {
                        "id": "i-06497d4d37bc28703",
                        "attributes": {
                            "ami": "ami-258e1f33",
                            "associate_public_ip_address": "true",
                            "availability_zone": "us-east-1d",
                            "disable_api_termination": "false",
                            "ebs_block_device.#": "0",
                            "ebs_optimized": "false",
                            "ephemeral_block_device.#": "0",
                            "iam_instance_profile": "",
                            "id": "i-06497d4d37bc28703",
                            "instance_state": "running",
                            "instance_type": "t2.micro",
                            "ipv6_addresses.#": "0",
                            "key_name": "dev_events_admin_key",
                            "monitoring": "false",
                            "network_interface.#": "0",
                            "network_interface_id": "eni-73d8adbb",
                            "primary_network_interface_id": "eni-73d8adbb",
                            "private_dns": "ip-10-0-125-203.ec2.internal",
                            "private_ip": "10.0.125.203",
                            "public_dns": "ec2-54-197-18-5.compute-1.amazonaws.com",
                            "public_ip": "54.197.18.5",
                            "root_block_device.#": "1",
                            "root_block_device.0.delete_on_termination": "true",
                            "root_block_device.0.iops": "0",
                            "root_block_device.0.volume_size": "20",
                            "root_block_device.0.volume_type": "standard",
                            "security_groups.#": "0",
                            "source_dest_check": "true",
                            "subnet_id": "subnet-f02680dc",
                            "tags.%": "1",
                            "tags.Name": "devops_server",
                            "tenancy": "default",
                            "volume_tags.%": "0",
                            "vpc_security_group_ids.#": "1",
                            "vpc_security_group_ids.1207621436": "sg-a5aebfdb"
                        },
                        "meta": {
                            "e2bfb730-ecaa-11e6-8f88-34363bc7c4c0": {
                                "create": 600000000000,
                                "delete": 600000000000,
                                "update": 600000000000
                            },
                            "schema_version": "1"
                        },
                        "tainted": false
                    },
                    "deposed": [],
                    "provider": ""
                },
                "aws_internet_gateway.dev_events_igw": {
                    "type": "aws_internet_gateway",
                    "depends_on": [
                        "aws_vpc.dev_events_vpc"
                    ],
                    "primary": {
                        "id": "igw-e2ae2484",
                        "attributes": {
                            "id": "igw-e2ae2484",
                            "tags.%": "0",
                            "vpc_id": "vpc-cefb22b7"
                        },
                        "meta": {},
                        "tainted": false
                    },
                    "deposed": [],
                    "provider": ""
                },
                "aws_key_pair.dev_events_key": {
                    "type": "aws_key_pair",
                    "depends_on": [],
                    "primary": {
                        "id": "dev_events_admin_key",
                        "attributes": {
                            "fingerprint": "71:59:8c:d1:dc:58:1c:08:eb:0d:6b:ab:a5:ef:aa:09",
                            "id": "dev_events_admin_key",
                            "key_name": "dev_events_admin_key",
                            "public_key": "ssh-rsa AAAAB3NzaC1yc2EAAAADAQABAAABAQDqln5qiHnd8NLz60GOGW/Rqv25rK78yiG5kyv2LeBBe0JVVoJ/BOA7T/BuW/GhuT12SE2o4ZiRlgchdzMld4AaAAwTCUC/A5RdcogjktrMAda9UQnDLwfmohJmAskC6ibq05oqDb3RWfIik2psjJJkZasJVI0OuwDf1DpXjDVjId9y2xkM9sVGjzz8ApM/J6YWVEZY0n2V5qT8Xi5orDQgwtrxrEDcpN5AldC5KnovohUqbCyZSKwenWJ4Rq5uM2rccQR4wMWT0aHh8Sf8k1OTdQqEqc86MBNZKhP4ICOfnBb3/U6DIfC6aK6qDjMqXqU3ojyCmQWu0x3N1sF9tay5 admins@dev.events"
                        },
                        "meta": {
                            "schema_version": "1"
                        },
                        "tainted": false
                    },
                    "deposed": [],
                    "provider": ""
                },
                "aws_main_route_table_association.dev_events_routing_a": {
                    "type": "aws_main_route_table_association",
                    "depends_on": [
                        "aws_route_table.dev_events_routing",
                        "aws_vpc.dev_events_vpc"
                    ],
                    "primary": {
                        "id": "rtbassoc-d50b70ae",
                        "attributes": {
                            "id": "rtbassoc-d50b70ae",
                            "original_route_table_id": "rtb-93c75eeb",
                            "route_table_id": "rtb-bbf960c3",
                            "vpc_id": "vpc-cefb22b7"
                        },
                        "meta": {},
                        "tainted": false
                    },
                    "deposed": [],
                    "provider": ""
                },
                "aws_route_table.dev_events_routing": {
                    "type": "aws_route_table",
                    "depends_on": [
                        "aws_internet_gateway.dev_events_igw",
                        "aws_vpc.dev_events_vpc"
                    ],
                    "primary": {
                        "id": "rtb-bbf960c3",
                        "attributes": {
                            "id": "rtb-bbf960c3",
                            "propagating_vgws.#": "0",
                            "route.#": "1",
                            "route.1927384485.cidr_block": "0.0.0.0/0",
                            "route.1927384485.egress_only_gateway_id": "",
                            "route.1927384485.gateway_id": "igw-e2ae2484",
                            "route.1927384485.instance_id": "",
                            "route.1927384485.ipv6_cidr_block": "",
                            "route.1927384485.nat_gateway_id": "",
                            "route.1927384485.network_interface_id": "",
                            "route.1927384485.vpc_peering_connection_id": "",
                            "tags.%": "0",
                            "vpc_id": "vpc-cefb22b7"
                        },
                        "meta": {},
                        "tainted": false
                    },
                    "deposed": [],
                    "provider": ""
                },
                "aws_security_group.dev_events_security": {
                    "type": "aws_security_group",
                    "depends_on": [
                        "aws_vpc.dev_events_vpc"
                    ],
                    "primary": {
                        "id": "sg-a5aebfdb",
                        "attributes": {
                            "description": "dev.events port openings",
                            "egress.#": "1",
                            "egress.482069346.cidr_blocks.#": "1",
                            "egress.482069346.cidr_blocks.0": "0.0.0.0/0",
                            "egress.482069346.from_port": "0",
                            "egress.482069346.ipv6_cidr_blocks.#": "0",
                            "egress.482069346.prefix_list_ids.#": "0",
                            "egress.482069346.protocol": "-1",
                            "egress.482069346.security_groups.#": "0",
                            "egress.482069346.self": "false",
                            "egress.482069346.to_port": "0",
                            "id": "sg-a5aebfdb",
                            "ingress.#": "3",
                            "ingress.2214680975.cidr_blocks.#": "1",
                            "ingress.2214680975.cidr_blocks.0": "0.0.0.0/0",
                            "ingress.2214680975.from_port": "80",
                            "ingress.2214680975.ipv6_cidr_blocks.#": "0",
                            "ingress.2214680975.protocol": "tcp",
                            "ingress.2214680975.security_groups.#": "0",
                            "ingress.2214680975.self": "false",
                            "ingress.2214680975.to_port": "80",
                            "ingress.2541437006.cidr_blocks.#": "1",
                            "ingress.2541437006.cidr_blocks.0": "0.0.0.0/0",
                            "ingress.2541437006.from_port": "22",
                            "ingress.2541437006.ipv6_cidr_blocks.#": "0",
                            "ingress.2541437006.protocol": "tcp",
                            "ingress.2541437006.security_groups.#": "0",
                            "ingress.2541437006.self": "false",
                            "ingress.2541437006.to_port": "22",
                            "ingress.2617001939.cidr_blocks.#": "1",
                            "ingress.2617001939.cidr_blocks.0": "0.0.0.0/0",
                            "ingress.2617001939.from_port": "443",
                            "ingress.2617001939.ipv6_cidr_blocks.#": "0",
                            "ingress.2617001939.protocol": "tcp",
                            "ingress.2617001939.security_groups.#": "0",
                            "ingress.2617001939.self": "false",
                            "ingress.2617001939.to_port": "443",
                            "name": "dev_events_security",
                            "owner_id": "743279159470",
                            "tags.%": "0",
                            "vpc_id": "vpc-cefb22b7"
                        },
                        "meta": {},
                        "tainted": false
                    },
                    "deposed": [],
                    "provider": ""
                },
                "aws_subnet.dev_events_subnet": {
                    "type": "aws_subnet",
                    "depends_on": [
                        "aws_vpc.dev_events_vpc"
                    ],
                    "primary": {
                        "id": "subnet-f02680dc",
                        "attributes": {
                            "assign_ipv6_address_on_creation": "false",
                            "availability_zone": "us-east-1d",
                            "cidr_block": "10.0.0.0/16",
                            "id": "subnet-f02680dc",
                            "map_public_ip_on_launch": "true",
                            "tags.%": "0",
                            "vpc_id": "vpc-cefb22b7"
                        },
                        "meta": {
                            "schema_version": "1"
                        },
                        "tainted": false
                    },
                    "deposed": [],
                    "provider": ""
                },
                "aws_vpc.dev_events_vpc": {
                    "type": "aws_vpc",
                    "depends_on": [],
                    "primary": {
                        "id": "vpc-cefb22b7",
                        "attributes": {
                            "assign_generated_ipv6_cidr_block": "false",
                            "cidr_block": "10.0.0.0/16",
                            "default_network_acl_id": "acl-24e8935d",
                            "default_route_table_id": "rtb-bbf960c3",
                            "default_security_group_id": "sg-8e5040f0",
                            "dhcp_options_id": "dopt-e060d486",
                            "enable_classiclink": "false",
                            "enable_dns_hostnames": "true",
                            "enable_dns_support": "true",
                            "id": "vpc-cefb22b7",
                            "instance_tenancy": "default",
                            "main_route_table_id": "rtb-bbf960c3",
                            "tags.%": "0"
                        },
                        "meta": {
                            "schema_version": "1"
                        },
                        "tainted": false
                    },
                    "deposed": [],
                    "provider": ""
                },
                "data.aws_ami.base_image": {
                    "type": "aws_ami",
                    "depends_on": [],
                    "primary": {
                        "id": "ami-258e1f33",
                        "attributes": {
                            "architecture": "x86_64",
                            "block_device_mappings.#": "1",
                            "block_device_mappings.3607311014.device_name": "/dev/xvda",
                            "block_device_mappings.3607311014.ebs.%": "6",
                            "block_device_mappings.3607311014.ebs.delete_on_termination": "true",
                            "block_device_mappings.3607311014.ebs.encrypted": "false",
                            "block_device_mappings.3607311014.ebs.iops": "0",
                            "block_device_mappings.3607311014.ebs.snapshot_id": "snap-0f030fdefd76a30ff",
                            "block_device_mappings.3607311014.ebs.volume_size": "8",
                            "block_device_mappings.3607311014.ebs.volume_type": "standard",
                            "block_device_mappings.3607311014.no_device": "",
                            "block_device_mappings.3607311014.virtual_name": "",
                            "creation_date": "2017-04-17T08:18:49.000Z",
                            "description": "Amazon Linux AMI 2017.03.0.20170417 x86_64 VPC NAT HVM EBS",
                            "filter.#": "2",
                            "filter.3298344342.name": "name",
                            "filter.3298344342.values.#": "1",
                            "filter.3298344342.values.0": "amzn-ami-vpc-nat*",
                            "filter.574890044.name": "owner-alias",
                            "filter.574890044.values.#": "1",
                            "filter.574890044.values.0": "amazon",
                            "hypervisor": "xen",
                            "id": "ami-258e1f33",
                            "image_id": "ami-258e1f33",
                            "image_location": "amazon/amzn-ami-vpc-nat-hvm-2017.03.0.20170417-x86_64-ebs",
                            "image_owner_alias": "amazon",
                            "image_type": "machine",
                            "most_recent": "true",
                            "name": "amzn-ami-vpc-nat-hvm-2017.03.0.20170417-x86_64-ebs",
                            "owner_id": "137112412989",
                            "product_codes.#": "0",
                            "public": "true",
                            "root_device_name": "/dev/xvda",
                            "root_device_type": "ebs",
                            "sriov_net_support": "simple",
                            "state": "available",
                            "state_reason.%": "2",
                            "state_reason.code": "UNSET",
                            "state_reason.message": "UNSET",
                            "tags.#": "0",
                            "virtualization_type": "hvm"
                        },
                        "meta": {},
                        "tainted": false
                    },
                    "deposed": [],
                    "provider": ""
                },
                "data.aws_availability_zones.available": {
                    "type": "aws_availability_zones",
                    "depends_on": [],
                    "primary": {
                        "id": "2017-06-07 10:49:45.136236657 +0000 UTC",
                        "attributes": {
                            "id": "2017-06-07 10:49:45.136236657 +0000 UTC",
                            "names.#": "5",
                            "names.0": "us-east-1a",
                            "names.1": "us-east-1b",
                            "names.2": "us-east-1c",
                            "names.3": "us-east-1d",
                            "names.4": "us-east-1e"
                        },
                        "meta": {},
                        "tainted": false
                    },
                    "deposed": [],
                    "provider": ""
                },
                "dnsimple_record.mail1": {
                    "type": "dnsimple_record",
                    "depends_on": [],
                    "primary": {
                        "id": "11731912",
                        "attributes": {
                            "domain": "dev.events",
                            "domain_id": "dev.events",
                            "hostname": "dev.events",
                            "id": "11731912",
                            "name": "",
                            "priority": "10",
                            "ttl": "60",
                            "type": "MX",
                            "value": "mx.zoho.eu"
                        },
                        "meta": {},
                        "tainted": false
                    },
                    "deposed": [],
                    "provider": ""
                },
                "dnsimple_record.mail2": {
                    "type": "dnsimple_record",
                    "depends_on": [],
                    "primary": {
                        "id": "11731915",
                        "attributes": {
                            "domain": "dev.events",
                            "domain_id": "dev.events",
                            "hostname": "dev.events",
                            "id": "11731915",
                            "name": "",
                            "priority": "20",
                            "ttl": "60",
                            "type": "MX",
                            "value": "mx2.zoho.eu"
                        },
                        "meta": {},
                        "tainted": false
                    },
                    "deposed": [],
                    "provider": ""
                },
                "dnsimple_record.mail3": {
                    "type": "dnsimple_record",
                    "depends_on": [],
                    "primary": {
                        "id": "11731925",
                        "attributes": {
                            "domain": "dev.events",
                            "domain_id": "dev.events",
                            "hostname": "dev.events",
                            "id": "11731925",
                            "name": "",
                            "priority": "50",
                            "ttl": "60",
                            "type": "MX",
                            "value": "mx3.zoho.eu"
                        },
                        "meta": {},
                        "tainted": false
                    },
                    "deposed": [],
                    "provider": ""
                },
                "dnsimple_record.zoho_dkim": {
                    "type": "dnsimple_record",
                    "depends_on": [],
                    "primary": {
                        "id": "11738719",
                        "attributes": {
                            "domain": "dev.events",
                            "domain_id": "dev.events",
                            "hostname": "zoho._domainkey.dev.events",
                            "id": "11738719",
                            "name": "zoho._domainkey",
                            "priority": "0",
                            "ttl": "60",
                            "type": "TXT",
                            "value": "v=DKIM1; k=rsa; p=MIGfMA0GCSqGSIb3DQEBAQUAA4GNADCBiQKBgQCXvbFJN4nXPZB95Aqr31eJ9hiMNV+d/Qw98b4m7AJo9aipCnLxh4M5Z6orgApDGqNBiUWTphhVHB8xRYFQp5qEtpTfXSqJI6McJ3vCPnC2IcswAu5kwnjuOyOFNM/3g1SIPEH+tLIR70Lt5BF6GlcvYOIa5+QD0rc4QkQ7FGhP0QIDAQAB"
                        },
                        "meta": {},
                        "tainted": false
                    },
                    "deposed": [],
                    "provider": "dnsimple"
                },
                "dnsimple_record.zoho_spf": {
                    "type": "dnsimple_record",
                    "depends_on": [],
                    "primary": {
                        "id": "11731960",
                        "attributes": {
                            "domain": "dev.events",
                            "domain_id": "dev.events",
                            "hostname": "dev.events",
                            "id": "11731960",
                            "name": "",
                            "priority": "0",
                            "ttl": "60",
                            "type": "TXT",
                            "value": "v=spf1 include:zoho.com ~all"
                        },
                        "meta": {},
                        "tainted": false
                    },
                    "deposed": [],
                    "provider": ""
                },
                "dnsimple_record.zoho_verify": {
                    "type": "dnsimple_record",
                    "depends_on": [],
                    "primary": {
                        "id": "11731896",
                        "attributes": {
                            "domain": "dev.events",
                            "domain_id": "dev.events",
                            "hostname": "zb14966893.dev.events",
                            "id": "11731896",
                            "name": "zb14966893",
                            "priority": "0",
                            "ttl": "60",
                            "type": "CNAME",
                            "value": "zmverify.zoho.eu"
                        },
                        "meta": {},
                        "tainted": false
                    },
                    "deposed": [],
                    "provider": "dnsimple"
                }
            },
            "depends_on": []
        }
    ]
}
