{
    "version": 3,
    "terraform_version": "0.9.6",
    "serial": 7,
    "lineage": "33f3a99f-4a3d-44e0-9caf-bcaecb66f6af",
    "modules": [
        {
            "path": [
                "root"
            ],
            "outputs": {},
            "resources": {
                "dnsimple_record.mail1": {
                    "type": "dnsimple_record",
                    "depends_on": [],
                    "primary": {
                        "id": "11731912",
                        "attributes": {
                            "domain": "dev.events",
                            "domain_id": "dev.events",
                            "hostname": "dev.events",
                            "id": "11731912",
                            "name": "",
                            "priority": "10",
                            "ttl": "60",
                            "type": "MX",
                            "value": "mx.zoho.eu"
                        },
                        "meta": {},
                        "tainted": false
                    },
                    "deposed": [],
                    "provider": ""
                },
                "dnsimple_record.mail2": {
                    "type": "dnsimple_record",
                    "depends_on": [],
                    "primary": {
                        "id": "11731915",
                        "attributes": {
                            "domain": "dev.events",
                            "domain_id": "dev.events",
                            "hostname": "dev.events",
                            "id": "11731915",
                            "name": "",
                            "priority": "20",
                            "ttl": "60",
                            "type": "MX",
                            "value": "mx2.zoho.eu"
                        },
                        "meta": {},
                        "tainted": false
                    },
                    "deposed": [],
                    "provider": ""
                },
                "dnsimple_record.mail3": {
                    "type": "dnsimple_record",
                    "depends_on": [],
                    "primary": {
                        "id": "11731925",
                        "attributes": {
                            "domain": "dev.events",
                            "domain_id": "dev.events",
                            "hostname": "dev.events",
                            "id": "11731925",
                            "name": "",
                            "priority": "50",
                            "ttl": "60",
                            "type": "MX",
                            "value": "mx3.zoho.eu"
                        },
                        "meta": {},
                        "tainted": false
                    },
                    "deposed": [],
                    "provider": ""
                },
                "dnsimple_record.zoho_dkim": {
                    "type": "dnsimple_record",
                    "depends_on": [],
                    "primary": {
                        "id": "11738719",
                        "attributes": {
                            "domain": "dev.events",
                            "domain_id": "dev.events",
                            "hostname": "zoho._domainkey.dev.events",
                            "id": "11738719",
                            "name": "zoho._domainkey",
                            "priority": "0",
                            "ttl": "60",
                            "type": "TXT",
                            "value": "v=DKIM1; k=rsa; p=MIGfMA0GCSqGSIb3DQEBAQUAA4GNADCBiQKBgQCXvbFJN4nXPZB95Aqr31eJ9hiMNV+d/Qw98b4m7AJo9aipCnLxh4M5Z6orgApDGqNBiUWTphhVHB8xRYFQp5qEtpTfXSqJI6McJ3vCPnC2IcswAu5kwnjuOyOFNM/3g1SIPEH+tLIR70Lt5BF6GlcvYOIa5+QD0rc4QkQ7FGhP0QIDAQAB"
                        },
                        "meta": {},
                        "tainted": false
                    },
                    "deposed": [],
                    "provider": "dnsimple"
                },
                "dnsimple_record.zoho_spf": {
                    "type": "dnsimple_record",
                    "depends_on": [],
                    "primary": {
                        "id": "11731960",
                        "attributes": {
                            "domain": "dev.events",
                            "domain_id": "dev.events",
                            "hostname": "dev.events",
                            "id": "11731960",
                            "name": "",
                            "priority": "0",
                            "ttl": "60",
                            "type": "TXT",
                            "value": "v=spf1 include:zoho.com ~all"
                        },
                        "meta": {},
                        "tainted": false
                    },
                    "deposed": [],
                    "provider": ""
                },
                "dnsimple_record.zoho_verify": {
                    "type": "dnsimple_record",
                    "depends_on": [],
                    "primary": {
                        "id": "11731896",
                        "attributes": {
                            "domain": "dev.events",
                            "domain_id": "dev.events",
                            "hostname": "zb14966893.dev.events",
                            "id": "11731896",
                            "name": "zb14966893",
                            "priority": "0",
                            "ttl": "60",
                            "type": "CNAME",
                            "value": "zmverify.zoho.eu"
                        },
                        "meta": {},
                        "tainted": false
                    },
                    "deposed": [],
                    "provider": "dnsimple"
                }
            },
            "depends_on": []
        }
    ]
}
